
Microsoft Visual Studio Solution File, Format Version 12.00
# Visual Studio Version 16
VisualStudioVersion = 16.0.31515.178
MinimumVisualStudioVersion = 10.0.40219.1
Project("{8BC9CEB8-8B4A-11D0-8D11-00A0C91BC942}") = "part 1", "part 1.vcxproj", "{0CFBA244-868A-466F-ABA4-30BDFCC2D83C}"
EndProject
Global
	GlobalSection(SolutionConfigurationPlatforms) = preSolution
		Debug|x64 = Debug|x64
		Debug|x86 = Debug|x86
		Release|x64 = Release|x64
		Release|x86 = Release|x86
	EndGlobalSection
	GlobalSection(ProjectConfigurationPlatforms) = postSolution
		{0CFBA244-868A-466F-ABA4-30BDFCC2D83C}.Debug|x64.ActiveCfg = Debug|x64
		{0CFBA244-868A-466F-ABA4-30BDFCC2D83C}.Debug|x64.Build.0 = Debug|x64
		{0CFBA244-868A-466F-ABA4-30BDFCC2D83C}.Debug|x86.ActiveCfg = Debug|Win32
		{0CFBA244-868A-466F-ABA4-30BDFCC2D83C}.Debug|x86.Build.0 = Debug|Win32
		{0CFBA244-868A-466F-ABA4-30BDFCC2D83C}.Release|x64.ActiveCfg = Release|x64
		{0CFBA244-868A-466F-ABA4-30BDFCC2D83C}.Release|x64.Build.0 = Release|x64
		{0CFBA244-868A-466F-ABA4-30BDFCC2D83C}.Release|x86.ActiveCfg = Release|Win32
		{0CFBA244-868A-466F-ABA4-30BDFCC2D83C}.Release|x86.Build.0 = Release|Win32
	EndGlobalSection
	GlobalSection(SolutionProperties) = preSolution
		HideSolutionNode = FALSE
	EndGlobalSection
	GlobalSection(ExtensibilityGlobals) = postSolution
		SolutionGuid = {2CD536CF-6FA9-4A4A-B0F4-6A8AF4952991}
	EndGlobalSection
EndGlobal
